
Microsoft Visual Studio Solution File, Format Version 12.00
# Visual Studio 14
VisualStudioVersion = 14.0.25420.1
MinimumVisualStudioVersion = 10.0.40219.1
Project("{FAE04EC0-301F-11D3-BF4B-00C04F79EFBC}") = "Mediator.Net.Middlewares.UnitOfWork", "src\Mediator.Net.Middlewares.UnitOfWork\Mediator.Net.Middlewares.UnitOfWork.csproj", "{B8D88A9E-E5D8-4F92-BAFA-DFF5FB3A734C}"
EndProject
Project("{FAE04EC0-301F-11D3-BF4B-00C04F79EFBC}") = "Mediator.Net.Middlewares.UnitOfWork.Test", "src\Mediator.Net.Middlewares.UnitOfWork.Test\Mediator.Net.Middlewares.UnitOfWork.Test.csproj", "{2E47440F-41FF-46F6-95FB-2699324A9471}"
EndProject
Global
	GlobalSection(SolutionConfigurationPlatforms) = preSolution
		Debug|Any CPU = Debug|Any CPU
		Release|Any CPU = Release|Any CPU
	EndGlobalSection
	GlobalSection(ProjectConfigurationPlatforms) = postSolution
		{B8D88A9E-E5D8-4F92-BAFA-DFF5FB3A734C}.Debug|Any CPU.ActiveCfg = Debug|Any CPU
		{B8D88A9E-E5D8-4F92-BAFA-DFF5FB3A734C}.Debug|Any CPU.Build.0 = Debug|Any CPU
		{B8D88A9E-E5D8-4F92-BAFA-DFF5FB3A734C}.Release|Any CPU.ActiveCfg = Release|Any CPU
		{B8D88A9E-E5D8-4F92-BAFA-DFF5FB3A734C}.Release|Any CPU.Build.0 = Release|Any CPU
		{2E47440F-41FF-46F6-95FB-2699324A9471}.Debug|Any CPU.ActiveCfg = Debug|Any CPU
		{2E47440F-41FF-46F6-95FB-2699324A9471}.Debug|Any CPU.Build.0 = Debug|Any CPU
		{2E47440F-41FF-46F6-95FB-2699324A9471}.Release|Any CPU.ActiveCfg = Release|Any CPU
		{2E47440F-41FF-46F6-95FB-2699324A9471}.Release|Any CPU.Build.0 = Release|Any CPU
	EndGlobalSection
	GlobalSection(SolutionProperties) = preSolution
		HideSolutionNode = FALSE
	EndGlobalSection
EndGlobal
